// !$*UTF8*$!
{
	archiveVersion = 1;
	classes = {
	};
	objectVersion = 50;
	objects = {

/* Begin PBXBuildFile section */
		77160A6C250673760063BDC0 /* MusicTableViewController.swift in Sources */ = {isa = PBXBuildFile; fileRef = 77160A6B250673760063BDC0 /* MusicTableViewController.swift */; };
		77B0EED8250683E300BD39A5 /* MusicDetailViewController.swift in Sources */ = {isa = PBXBuildFile; fileRef = 77B0EED7250683E300BD39A5 /* MusicDetailViewController.swift */; };
		77B0EEDA2506858C00BD39A5 /* AppInfoViewController.swift in Sources */ = {isa = PBXBuildFile; fileRef = 77B0EED92506858C00BD39A5 /* AppInfoViewController.swift */; };
		77EC13B0250619540060189A /* AppDelegate.swift in Sources */ = {isa = PBXBuildFile; fileRef = 77EC13AF250619540060189A /* AppDelegate.swift */; };
		77EC13B2250619540060189A /* SceneDelegate.swift in Sources */ = {isa = PBXBuildFile; fileRef = 77EC13B1250619540060189A /* SceneDelegate.swift */; };
		77EC13B4250619540060189A /* ViewController.swift in Sources */ = {isa = PBXBuildFile; fileRef = 77EC13B3250619540060189A /* ViewController.swift */; };
		77EC13B7250619540060189A /* Main.storyboard in Resources */ = {isa = PBXBuildFile; fileRef = 77EC13B5250619540060189A /* Main.storyboard */; };
		77EC13B9250619590060189A /* Assets.xcassets in Resources */ = {isa = PBXBuildFile; fileRef = 77EC13B8250619590060189A /* Assets.xcassets */; };
		77EC13BC250619590060189A /* LaunchScreen.storyboard in Resources */ = {isa = PBXBuildFile; fileRef = 77EC13BA250619590060189A /* LaunchScreen.storyboard */; };
		77EC13C425062B940060189A /* MovieTableViewCell.swift in Sources */ = {isa = PBXBuildFile; fileRef = 77EC13C325062B940060189A /* MovieTableViewCell.swift */; };
		77EC13CA25062E150060189A /* Movie.swift in Sources */ = {isa = PBXBuildFile; fileRef = 77EC13C925062E150060189A /* Movie.swift */; };
		77EC13CD25062ED30060189A /* DataManager.swift in Sources */ = {isa = PBXBuildFile; fileRef = 77EC13CC25062ED30060189A /* DataManager.swift */; };
		77EC13CF25066BF70060189A /* MovieDetailViewController.swift in Sources */ = {isa = PBXBuildFile; fileRef = 77EC13CE25066BF70060189A /* MovieDetailViewController.swift */; };
/* End PBXBuildFile section */

/* Begin PBXFileReference section */
		77160A6B250673760063BDC0 /* MusicTableViewController.swift */ = {isa = PBXFileReference; lastKnownFileType = sourcecode.swift; path = MusicTableViewController.swift; sourceTree = "<group>"; };
		77B0EED7250683E300BD39A5 /* MusicDetailViewController.swift */ = {isa = PBXFileReference; lastKnownFileType = sourcecode.swift; path = MusicDetailViewController.swift; sourceTree = "<group>"; };
		77B0EED92506858C00BD39A5 /* AppInfoViewController.swift */ = {isa = PBXFileReference; lastKnownFileType = sourcecode.swift; path = AppInfoViewController.swift; sourceTree = "<group>"; };
		77EC13AC250619540060189A /* MovieMusicAppTabBar.app */ = {isa = PBXFileReference; explicitFileType = wrapper.application; includeInIndex = 0; path = MovieMusicAppTabBar.app; sourceTree = BUILT_PRODUCTS_DIR; };
		77EC13AF250619540060189A /* AppDelegate.swift */ = {isa = PBXFileReference; lastKnownFileType = sourcecode.swift; path = AppDelegate.swift; sourceTree = "<group>"; };
		77EC13B1250619540060189A /* SceneDelegate.swift */ = {isa = PBXFileReference; lastKnownFileType = sourcecode.swift; path = SceneDelegate.swift; sourceTree = "<group>"; };
		77EC13B3250619540060189A /* ViewController.swift */ = {isa = PBXFileReference; lastKnownFileType = sourcecode.swift; path = ViewController.swift; sourceTree = "<group>"; };
		77EC13B6250619540060189A /* Base */ = {isa = PBXFileReference; lastKnownFileType = file.storyboard; name = Base; path = Base.lproj/Main.storyboard; sourceTree = "<group>"; };
		77EC13B8250619590060189A /* Assets.xcassets */ = {isa = PBXFileReference; lastKnownFileType = folder.assetcatalog; path = Assets.xcassets; sourceTree = "<group>"; };
		77EC13BB250619590060189A /* Base */ = {isa = PBXFileReference; lastKnownFileType = file.storyboard; name = Base; path = Base.lproj/LaunchScreen.storyboard; sourceTree = "<group>"; };
		77EC13BD250619590060189A /* Info.plist */ = {isa = PBXFileReference; lastKnownFileType = text.plist.xml; path = Info.plist; sourceTree = "<group>"; };
		77EC13C325062B940060189A /* MovieTableViewCell.swift */ = {isa = PBXFileReference; lastKnownFileType = sourcecode.swift; path = MovieTableViewCell.swift; sourceTree = "<group>"; };
		77EC13C925062E150060189A /* Movie.swift */ = {isa = PBXFileReference; lastKnownFileType = sourcecode.swift; path = Movie.swift; sourceTree = "<group>"; };
		77EC13CC25062ED30060189A /* DataManager.swift */ = {isa = PBXFileReference; lastKnownFileType = sourcecode.swift; path = DataManager.swift; sourceTree = "<group>"; };
		77EC13CE25066BF70060189A /* MovieDetailViewController.swift */ = {isa = PBXFileReference; lastKnownFileType = sourcecode.swift; path = MovieDetailViewController.swift; sourceTree = "<group>"; };
/* End PBXFileReference section */

/* Begin PBXFrameworksBuildPhase section */
		77EC13A9250619540060189A /* Frameworks */ = {
			isa = PBXFrameworksBuildPhase;
			buildActionMask = 2147483647;
			files = (
			);
			runOnlyForDeploymentPostprocessing = 0;
		};
/* End PBXFrameworksBuildPhase section */

/* Begin PBXGroup section */
		77EC13A3250619540060189A = {
			isa = PBXGroup;
			children = (
				77EC13AE250619540060189A /* MovieMusicAppTabBar */,
				77EC13AD250619540060189A /* Products */,
			);
			sourceTree = "<group>";
		};
		77EC13AD250619540060189A /* Products */ = {
			isa = PBXGroup;
			children = (
				77EC13AC250619540060189A /* MovieMusicAppTabBar.app */,
			);
			name = Products;
			sourceTree = "<group>";
		};
		77EC13AE250619540060189A /* MovieMusicAppTabBar */ = {
			isa = PBXGroup;
			children = (
				77EC13CB25062E980060189A /* DataManager */,
				77EC13C825062D7F0060189A /* Model */,
				77EC13C625062D410060189A /* AppDelegate */,
				77EC13C725062D590060189A /* Controller */,
				77EC13C525062D2B0060189A /* View */,
				77EC13B8250619590060189A /* Assets.xcassets */,
				77EC13BA250619590060189A /* LaunchScreen.storyboard */,
				77EC13BD250619590060189A /* Info.plist */,
			);
			path = MovieMusicAppTabBar;
			sourceTree = "<group>";
		};
		77EC13C525062D2B0060189A /* View */ = {
			isa = PBXGroup;
			children = (
				77EC13B5250619540060189A /* Main.storyboard */,
			);
			path = View;
			sourceTree = "<group>";
		};
		77EC13C625062D410060189A /* AppDelegate */ = {
			isa = PBXGroup;
			children = (
				77EC13AF250619540060189A /* AppDelegate.swift */,
				77EC13B1250619540060189A /* SceneDelegate.swift */,
			);
			path = AppDelegate;
			sourceTree = "<group>";
		};
		77EC13C725062D590060189A /* Controller */ = {
			isa = PBXGroup;
			children = (
				77EC13B3250619540060189A /* ViewController.swift */,
				77EC13C325062B940060189A /* MovieTableViewCell.swift */,
				77EC13CE25066BF70060189A /* MovieDetailViewController.swift */,
				77B0EED7250683E300BD39A5 /* MusicDetailViewController.swift */,
				77160A6B250673760063BDC0 /* MusicTableViewController.swift */,
				77B0EED92506858C00BD39A5 /* AppInfoViewController.swift */,
			);
			path = Controller;
			sourceTree = "<group>";
		};
		77EC13C825062D7F0060189A /* Model */ = {
			isa = PBXGroup;
			children = (
				77EC13C925062E150060189A /* Movie.swift */,
			);
			path = Model;
			sourceTree = "<group>";
		};
		77EC13CB25062E980060189A /* DataManager */ = {
			isa = PBXGroup;
			children = (
				77EC13CC25062ED30060189A /* DataManager.swift */,
			);
			path = DataManager;
			sourceTree = "<group>";
		};
/* End PBXGroup section */

/* Begin PBXNativeTarget section */
		77EC13AB250619540060189A /* MovieMusicAppTabBar */ = {
			isa = PBXNativeTarget;
			buildConfigurationList = 77EC13C0250619590060189A /* Build configuration list for PBXNativeTarget "MovieMusicAppTabBar" */;
			buildPhases = (
				77EC13A8250619540060189A /* Sources */,
				77EC13A9250619540060189A /* Frameworks */,
				77EC13AA250619540060189A /* Resources */,
			);
			buildRules = (
			);
			dependencies = (
			);
			name = MovieMusicAppTabBar;
			productName = MovieMusicAppTabBar;
			productReference = 77EC13AC250619540060189A /* MovieMusicAppTabBar.app */;
			productType = "com.apple.product-type.application";
		};
/* End PBXNativeTarget section */

/* Begin PBXProject section */
		77EC13A4250619540060189A /* Project object */ = {
			isa = PBXProject;
			attributes = {
				LastSwiftUpdateCheck = 1170;
				LastUpgradeCheck = 1170;
				ORGANIZATIONNAME = Kisacka;
				TargetAttributes = {
					77EC13AB250619540060189A = {
						CreatedOnToolsVersion = 11.7;
					};
				};
			};
			buildConfigurationList = 77EC13A7250619540060189A /* Build configuration list for PBXProject "MovieMusicAppTabBar" */;
			compatibilityVersion = "Xcode 9.3";
			developmentRegion = en;
			hasScannedForEncodings = 0;
			knownRegions = (
				en,
				Base,
			);
			mainGroup = 77EC13A3250619540060189A;
			productRefGroup = 77EC13AD250619540060189A /* Products */;
			projectDirPath = "";
			projectRoot = "";
			targets = (
				77EC13AB250619540060189A /* MovieMusicAppTabBar */,
			);
		};
/* End PBXProject section */

/* Begin PBXResourcesBuildPhase section */
		77EC13AA250619540060189A /* Resources */ = {
			isa = PBXResourcesBuildPhase;
			buildActionMask = 2147483647;
			files = (
				77EC13BC250619590060189A /* LaunchScreen.storyboard in Resources */,
				77EC13B9250619590060189A /* Assets.xcassets in Resources */,
				77EC13B7250619540060189A /* Main.storyboard in Resources */,
			);
			runOnlyForDeploymentPostprocessing = 0;
		};
/* End PBXResourcesBuildPhase section */

/* Begin PBXSourcesBuildPhase section */
		77EC13A8250619540060189A /* Sources */ = {
			isa = PBXSourcesBuildPhase;
			buildActionMask = 2147483647;
			files = (
				77B0EEDA2506858C00BD39A5 /* AppInfoViewController.swift in Sources */,
				77EC13B4250619540060189A /* ViewController.swift in Sources */,
				77160A6C250673760063BDC0 /* MusicTableViewController.swift in Sources */,
				77EC13CD25062ED30060189A /* DataManager.swift in Sources */,
				77EC13B0250619540060189A /* AppDelegate.swift in Sources */,
				77EC13C425062B940060189A /* MovieTableViewCell.swift in Sources */,
				77EC13CF25066BF70060189A /* MovieDetailViewController.swift in Sources */,
				77B0EED8250683E300BD39A5 /* MusicDetailViewController.swift in Sources */,
				77EC13B2250619540060189A /* SceneDelegate.swift in Sources */,
				77EC13CA25062E150060189A /* Movie.swift in Sources */,
			);
			runOnlyForDeploymentPostprocessing = 0;
		};
/* End PBXSourcesBuildPhase section */

/* Begin PBXVariantGroup section */
		77EC13B5250619540060189A /* Main.storyboard */ = {
			isa = PBXVariantGroup;
			children = (
				77EC13B6250619540060189A /* Base */,
			);
			name = Main.storyboard;
			sourceTree = "<group>";
		};
		77EC13BA250619590060189A /* LaunchScreen.storyboard */ = {
			isa = PBXVariantGroup;
			children = (
				77EC13BB250619590060189A /* Base */,
			);
			name = LaunchScreen.storyboard;
			sourceTree = "<group>";
		};
/* End PBXVariantGroup section */

/* Begin XCBuildConfiguration section */
		77EC13BE250619590060189A /* Debug */ = {
			isa = XCBuildConfiguration;
			buildSettings = {
				ALWAYS_SEARCH_USER_PATHS = NO;
				CLANG_ANALYZER_NONNULL = YES;
				CLANG_ANALYZER_NUMBER_OBJECT_CONVERSION = YES_AGGRESSIVE;
				CLANG_CXX_LANGUAGE_STANDARD = "gnu++14";
				CLANG_CXX_LIBRARY = "libc++";
				CLANG_ENABLE_MODULES = YES;
				CLANG_ENABLE_OBJC_ARC = YES;
				CLANG_ENABLE_OBJC_WEAK = YES;
				CLANG_WARN_BLOCK_CAPTURE_AUTORELEASING = YES;
				CLANG_WARN_BOOL_CONVERSION = YES;
				CLANG_WARN_COMMA = YES;
				CLANG_WARN_CONSTANT_CONVERSION = YES;
				CLANG_WARN_DEPRECATED_OBJC_IMPLEMENTATIONS = YES;
				CLANG_WARN_DIRECT_OBJC_ISA_USAGE = YES_ERROR;
				CLANG_WARN_DOCUMENTATION_COMMENTS = YES;
				CLANG_WARN_EMPTY_BODY = YES;
				CLANG_WARN_ENUM_CONVERSION = YES;
				CLANG_WARN_INFINITE_RECURSION = YES;
				CLANG_WARN_INT_CONVERSION = YES;
				CLANG_WARN_NON_LITERAL_NULL_CONVERSION = YES;
				CLANG_WARN_OBJC_IMPLICIT_RETAIN_SELF = YES;
				CLANG_WARN_OBJC_LITERAL_CONVERSION = YES;
				CLANG_WARN_OBJC_ROOT_CLASS = YES_ERROR;
				CLANG_WARN_RANGE_LOOP_ANALYSIS = YES;
				CLANG_WARN_STRICT_PROTOTYPES = YES;
				CLANG_WARN_SUSPICIOUS_MOVE = YES;
				CLANG_WARN_UNGUARDED_AVAILABILITY = YES_AGGRESSIVE;
				CLANG_WARN_UNREACHABLE_CODE = YES;
				CLANG_WARN__DUPLICATE_METHOD_MATCH = YES;
				COPY_PHASE_STRIP = NO;
				DEBUG_INFORMATION_FORMAT = dwarf;
				ENABLE_STRICT_OBJC_MSGSEND = YES;
				ENABLE_TESTABILITY = YES;
				GCC_C_LANGUAGE_STANDARD = gnu11;
				GCC_DYNAMIC_NO_PIC = NO;
				GCC_NO_COMMON_BLOCKS = YES;
				GCC_OPTIMIZATION_LEVEL = 0;
				GCC_PREPROCESSOR_DEFINITIONS = (
					"DEBUG=1",
					"$(inherited)",
				);
				GCC_WARN_64_TO_32_BIT_CONVERSION = YES;
				GCC_WARN_ABOUT_RETURN_TYPE = YES_ERROR;
				GCC_WARN_UNDECLARED_SELECTOR = YES;
				GCC_WARN_UNINITIALIZED_AUTOS = YES_AGGRESSIVE;
				GCC_WARN_UNUSED_FUNCTION = YES;
				GCC_WARN_UNUSED_VARIABLE = YES;
				IPHONEOS_DEPLOYMENT_TARGET = 13.7;
				MTL_ENABLE_DEBUG_INFO = INCLUDE_SOURCE;
				MTL_FAST_MATH = YES;
				ONLY_ACTIVE_ARCH = YES;
				SDKROOT = iphoneos;
				SWIFT_ACTIVE_COMPILATION_CONDITIONS = DEBUG;
				SWIFT_OPTIMIZATION_LEVEL = "-Onone";
			};
			name = Debug;
		};
		77EC13BF250619590060189A /* Release */ = {
			isa = XCBuildConfiguration;
			buildSettings = {
				ALWAYS_SEARCH_USER_PATHS = NO;
				CLANG_ANALYZER_NONNULL = YES;
				CLANG_ANALYZER_NUMBER_OBJECT_CONVERSION = YES_AGGRESSIVE;
				CLANG_CXX_LANGUAGE_STANDARD = "gnu++14";
				CLANG_CXX_LIBRARY = "libc++";
				CLANG_ENABLE_MODULES = YES;
				CLANG_ENABLE_OBJC_ARC = YES;
				CLANG_ENABLE_OBJC_WEAK = YES;
				CLANG_WARN_BLOCK_CAPTURE_AUTORELEASING = YES;
				CLANG_WARN_BOOL_CONVERSION = YES;
				CLANG_WARN_COMMA = YES;
				CLANG_WARN_CONSTANT_CONVERSION = YES;
				CLANG_WARN_DEPRECATED_OBJC_IMPLEMENTATIONS = YES;
				CLANG_WARN_DIRECT_OBJC_ISA_USAGE = YES_ERROR;
				CLANG_WARN_DOCUMENTATION_COMMENTS = YES;
				CLANG_WARN_EMPTY_BODY = YES;
				CLANG_WARN_ENUM_CONVERSION = YES;
				CLANG_WARN_INFINITE_RECURSION = YES;
				CLANG_WARN_INT_CONVERSION = YES;
				CLANG_WARN_NON_LITERAL_NULL_CONVERSION = YES;
				CLANG_WARN_OBJC_IMPLICIT_RETAIN_SELF = YES;
				CLANG_WARN_OBJC_LITERAL_CONVERSION = YES;
				CLANG_WARN_OBJC_ROOT_CLASS = YES_ERROR;
				CLANG_WARN_RANGE_LOOP_ANALYSIS = YES;
				CLANG_WARN_STRICT_PROTOTYPES = YES;
				CLANG_WARN_SUSPICIOUS_MOVE = YES;
				CLANG_WARN_UNGUARDED_AVAILABILITY = YES_AGGRESSIVE;
				CLANG_WARN_UNREACHABLE_CODE = YES;
				CLANG_WARN__DUPLICATE_METHOD_MATCH = YES;
				COPY_PHASE_STRIP = NO;
				DEBUG_INFORMATION_FORMAT = "dwarf-with-dsym";
				ENABLE_NS_ASSERTIONS = NO;
				ENABLE_STRICT_OBJC_MSGSEND = YES;
				GCC_C_LANGUAGE_STANDARD = gnu11;
				GCC_NO_COMMON_BLOCKS = YES;
				GCC_WARN_64_TO_32_BIT_CONVERSION = YES;
				GCC_WARN_ABOUT_RETURN_TYPE = YES_ERROR;
				GCC_WARN_UNDECLARED_SELECTOR = YES;
				GCC_WARN_UNINITIALIZED_AUTOS = YES_AGGRESSIVE;
				GCC_WARN_UNUSED_FUNCTION = YES;
				GCC_WARN_UNUSED_VARIABLE = YES;
				IPHONEOS_DEPLOYMENT_TARGET = 13.7;
				MTL_ENABLE_DEBUG_INFO = NO;
				MTL_FAST_MATH = YES;
				SDKROOT = iphoneos;
				SWIFT_COMPILATION_MODE = wholemodule;
				SWIFT_OPTIMIZATION_LEVEL = "-O";
				VALIDATE_PRODUCT = YES;
			};
			name = Release;
		};
		77EC13C1250619590060189A /* Debug */ = {
			isa = XCBuildConfiguration;
			buildSettings = {
				ASSETCATALOG_COMPILER_APPICON_NAME = AppIcon;
				CODE_SIGN_STYLE = Automatic;
				INFOPLIST_FILE = MovieMusicAppTabBar/Info.plist;
				LD_RUNPATH_SEARCH_PATHS = (
					"$(inherited)",
					"@executable_path/Frameworks",
				);
				PRODUCT_BUNDLE_IDENTIFIER = lv.kisacka.MovieMusicAppTabBar;
				PRODUCT_NAME = "$(TARGET_NAME)";
				SWIFT_VERSION = 5.0;
				TARGETED_DEVICE_FAMILY = "1,2";
			};
			name = Debug;
		};
		77EC13C2250619590060189A /* Release */ = {
			isa = XCBuildConfiguration;
			buildSettings = {
				ASSETCATALOG_COMPILER_APPICON_NAME = AppIcon;
				CODE_SIGN_STYLE = Automatic;
				INFOPLIST_FILE = MovieMusicAppTabBar/Info.plist;
				LD_RUNPATH_SEARCH_PATHS = (
					"$(inherited)",
					"@executable_path/Frameworks",
				);
				PRODUCT_BUNDLE_IDENTIFIER = lv.kisacka.MovieMusicAppTabBar;
				PRODUCT_NAME = "$(TARGET_NAME)";
				SWIFT_VERSION = 5.0;
				TARGETED_DEVICE_FAMILY = "1,2";
			};
			name = Release;
		};
/* End XCBuildConfiguration section */

/* Begin XCConfigurationList section */
		77EC13A7250619540060189A /* Build configuration list for PBXProject "MovieMusicAppTabBar" */ = {
			isa = XCConfigurationList;
			buildConfigurations = (
				77EC13BE250619590060189A /* Debug */,
				77EC13BF250619590060189A /* Release */,
			);
			defaultConfigurationIsVisible = 0;
			defaultConfigurationName = Release;
		};
		77EC13C0250619590060189A /* Build configuration list for PBXNativeTarget "MovieMusicAppTabBar" */ = {
			isa = XCConfigurationList;
			buildConfigurations = (
				77EC13C1250619590060189A /* Debug */,
				77EC13C2250619590060189A /* Release */,
			);
			defaultConfigurationIsVisible = 0;
			defaultConfigurationName = Release;
		};
/* End XCConfigurationList section */
	};
	rootObject = 77EC13A4250619540060189A /* Project object */;
}
